
Microsoft Visual Studio Solution File, Format Version 12.00
# Visual Studio Version 17
VisualStudioVersion = 17.9.34728.123
MinimumVisualStudioVersion = 10.0.40219.1
Project("{2150E333-8FDC-42A3-9474-1A3956D46DE8}") = "Final Project", "Final Project", "{BB81C105-EC7E-48F0-B1C5-FF007E421E85}"
EndProject
Project("{2150E333-8FDC-42A3-9474-1A3956D46DE8}") = "Presentation", "Presentation", "{AADDD34A-2AE1-4870-A030-B3F1140844FE}"
EndProject
Project("{FAE04EC0-301F-11D3-BF4B-00C04F79EFBC}") = "Forum.API", "..\Forum.API\Forum.API.csproj", "{A0B82866-E83A-45C6-83AC-D8CD7DDC3F37}"
EndProject
Project("{2150E333-8FDC-42A3-9474-1A3956D46DE8}") = "Domain", "Domain", "{9F2B0B37-225B-4A0E-B8A5-1448E143FAA3}"
EndProject
Project("{FAE04EC0-301F-11D3-BF4B-00C04F79EFBC}") = "Forum.Entities", "..\Forum.Entities\Forum.Entities.csproj", "{8C3174E4-FF88-4634-A7FC-7F7798C9594F}"
EndProject
Project("{2150E333-8FDC-42A3-9474-1A3956D46DE8}") = "Infrastucture", "Infrastucture", "{27421F34-BE31-40AD-804F-DD9BD217DE9C}"
EndProject
Project("{FAE04EC0-301F-11D3-BF4B-00C04F79EFBC}") = "Forum.Data", "..\Forum.Data\Forum.Data.csproj", "{3F073059-8D92-4EBD-91B6-09DFB36C6679}"
EndProject
Project("{FAE04EC0-301F-11D3-BF4B-00C04F79EFBC}") = "ForumRepository", "..\ForumRepository\ForumRepository.csproj", "{794390A4-6157-454F-916A-42867B05C8B8}"
EndProject
Project("{2150E333-8FDC-42A3-9474-1A3956D46DE8}") = "Application", "Application", "{58014ED0-A17F-4B66-A87A-935C3BDC0AB5}"
EndProject
Project("{FAE04EC0-301F-11D3-BF4B-00C04F79EFBC}") = "Forum.Contracts", "..\Forum.Contracts\Forum.Contracts.csproj", "{CAC519D7-711C-48A7-95ED-E7153CBCD7AC}"
EndProject
Project("{FAE04EC0-301F-11D3-BF4B-00C04F79EFBC}") = "Forum.Models", "..\Forum.Models\Forum.Models.csproj", "{1797FC63-785F-4943-9B69-F61F59BA9054}"
EndProject
Project("{FAE04EC0-301F-11D3-BF4B-00C04F79EFBC}") = "Forum.Service", "..\Forum.Service\Forum.Service.csproj", "{CFDD6F76-973D-4E29-8939-472DFA2BB0B8}"
EndProject
Global
	GlobalSection(SolutionConfigurationPlatforms) = preSolution
		Debug|Any CPU = Debug|Any CPU
		Release|Any CPU = Release|Any CPU
	EndGlobalSection
	GlobalSection(ProjectConfigurationPlatforms) = postSolution
		{A0B82866-E83A-45C6-83AC-D8CD7DDC3F37}.Debug|Any CPU.ActiveCfg = Debug|Any CPU
		{A0B82866-E83A-45C6-83AC-D8CD7DDC3F37}.Debug|Any CPU.Build.0 = Debug|Any CPU
		{A0B82866-E83A-45C6-83AC-D8CD7DDC3F37}.Release|Any CPU.ActiveCfg = Release|Any CPU
		{A0B82866-E83A-45C6-83AC-D8CD7DDC3F37}.Release|Any CPU.Build.0 = Release|Any CPU
		{8C3174E4-FF88-4634-A7FC-7F7798C9594F}.Debug|Any CPU.ActiveCfg = Debug|Any CPU
		{8C3174E4-FF88-4634-A7FC-7F7798C9594F}.Debug|Any CPU.Build.0 = Debug|Any CPU
		{8C3174E4-FF88-4634-A7FC-7F7798C9594F}.Release|Any CPU.ActiveCfg = Release|Any CPU
		{8C3174E4-FF88-4634-A7FC-7F7798C9594F}.Release|Any CPU.Build.0 = Release|Any CPU
		{3F073059-8D92-4EBD-91B6-09DFB36C6679}.Debug|Any CPU.ActiveCfg = Debug|Any CPU
		{3F073059-8D92-4EBD-91B6-09DFB36C6679}.Debug|Any CPU.Build.0 = Debug|Any CPU
		{3F073059-8D92-4EBD-91B6-09DFB36C6679}.Release|Any CPU.ActiveCfg = Release|Any CPU
		{3F073059-8D92-4EBD-91B6-09DFB36C6679}.Release|Any CPU.Build.0 = Release|Any CPU
		{794390A4-6157-454F-916A-42867B05C8B8}.Debug|Any CPU.ActiveCfg = Debug|Any CPU
		{794390A4-6157-454F-916A-42867B05C8B8}.Debug|Any CPU.Build.0 = Debug|Any CPU
		{794390A4-6157-454F-916A-42867B05C8B8}.Release|Any CPU.ActiveCfg = Release|Any CPU
		{794390A4-6157-454F-916A-42867B05C8B8}.Release|Any CPU.Build.0 = Release|Any CPU
		{CAC519D7-711C-48A7-95ED-E7153CBCD7AC}.Debug|Any CPU.ActiveCfg = Debug|Any CPU
		{CAC519D7-711C-48A7-95ED-E7153CBCD7AC}.Debug|Any CPU.Build.0 = Debug|Any CPU
		{CAC519D7-711C-48A7-95ED-E7153CBCD7AC}.Release|Any CPU.ActiveCfg = Release|Any CPU
		{CAC519D7-711C-48A7-95ED-E7153CBCD7AC}.Release|Any CPU.Build.0 = Release|Any CPU
		{1797FC63-785F-4943-9B69-F61F59BA9054}.Debug|Any CPU.ActiveCfg = Debug|Any CPU
		{1797FC63-785F-4943-9B69-F61F59BA9054}.Debug|Any CPU.Build.0 = Debug|Any CPU
		{1797FC63-785F-4943-9B69-F61F59BA9054}.Release|Any CPU.ActiveCfg = Release|Any CPU
		{1797FC63-785F-4943-9B69-F61F59BA9054}.Release|Any CPU.Build.0 = Release|Any CPU
		{CFDD6F76-973D-4E29-8939-472DFA2BB0B8}.Debug|Any CPU.ActiveCfg = Debug|Any CPU
		{CFDD6F76-973D-4E29-8939-472DFA2BB0B8}.Debug|Any CPU.Build.0 = Debug|Any CPU
		{CFDD6F76-973D-4E29-8939-472DFA2BB0B8}.Release|Any CPU.ActiveCfg = Release|Any CPU
		{CFDD6F76-973D-4E29-8939-472DFA2BB0B8}.Release|Any CPU.Build.0 = Release|Any CPU
	EndGlobalSection
	GlobalSection(SolutionProperties) = preSolution
		HideSolutionNode = FALSE
	EndGlobalSection
	GlobalSection(NestedProjects) = preSolution
		{AADDD34A-2AE1-4870-A030-B3F1140844FE} = {BB81C105-EC7E-48F0-B1C5-FF007E421E85}
		{A0B82866-E83A-45C6-83AC-D8CD7DDC3F37} = {AADDD34A-2AE1-4870-A030-B3F1140844FE}
		{9F2B0B37-225B-4A0E-B8A5-1448E143FAA3} = {BB81C105-EC7E-48F0-B1C5-FF007E421E85}
		{8C3174E4-FF88-4634-A7FC-7F7798C9594F} = {9F2B0B37-225B-4A0E-B8A5-1448E143FAA3}
		{27421F34-BE31-40AD-804F-DD9BD217DE9C} = {BB81C105-EC7E-48F0-B1C5-FF007E421E85}
		{3F073059-8D92-4EBD-91B6-09DFB36C6679} = {27421F34-BE31-40AD-804F-DD9BD217DE9C}
		{794390A4-6157-454F-916A-42867B05C8B8} = {27421F34-BE31-40AD-804F-DD9BD217DE9C}
		{58014ED0-A17F-4B66-A87A-935C3BDC0AB5} = {BB81C105-EC7E-48F0-B1C5-FF007E421E85}
		{CAC519D7-711C-48A7-95ED-E7153CBCD7AC} = {58014ED0-A17F-4B66-A87A-935C3BDC0AB5}
		{1797FC63-785F-4943-9B69-F61F59BA9054} = {58014ED0-A17F-4B66-A87A-935C3BDC0AB5}
		{CFDD6F76-973D-4E29-8939-472DFA2BB0B8} = {58014ED0-A17F-4B66-A87A-935C3BDC0AB5}
	EndGlobalSection
	GlobalSection(ExtensibilityGlobals) = postSolution
		SolutionGuid = {EDC04F0F-957E-47C0-AC2B-36C34FE83192}
	EndGlobalSection
EndGlobal
